{
  "version": 4,
  "terraform_version": "1.14.7",
  "serial": 30,
  "lineage": "5ac01a25-85eb-7a1b-3fd8-144da8094887",
  "outputs": {},
  "resources": [
    {
      "mode": "managed",
      "type": "azurerm_linux_virtual_machine",
      "name": "vm_sre_project",
      "provider": "provider[\"registry.terraform.io/hashicorp/azurerm\"]",
      "instances": [
        {
          "index_key": 1,
          "schema_version": 0,
          "attributes": {
            "additional_capabilities": [],
            "admin_password": "Aa123456!aA",
            "admin_ssh_key": [],
            "admin_username": "ubuntu",
            "allow_extension_operations": true,
            "availability_set_id": "",
            "boot_diagnostics": [],
            "bypass_platform_safety_checks_on_user_schedule_enabled": false,
            "capacity_reservation_group_id": "",
            "computer_name": "node-02",
            "custom_data": null,
            "dedicated_host_group_id": "",
            "dedicated_host_id": "",
            "disable_password_authentication": false,
            "disk_controller_type": "SCSI",
            "edge_zone": "",
            "encryption_at_host_enabled": false,
            "eviction_policy": "",
            "extensions_time_budget": "PT1H30M",
            "gallery_application": [],
            "id": "/subscriptions/1664c3de-3bce-4896-b6f1-03cafbcb25d9/resourceGroups/rg-sre-project/providers/Microsoft.Compute/virtualMachines/node-02",
            "identity": [],
            "license_type": "",
            "location": "centralindia",
            "max_bid_price": -1,
            "name": "node-02",
            "network_interface_ids": [
              "/subscriptions/1664c3de-3bce-4896-b6f1-03cafbcb25d9/resourceGroups/rg-sre-project/providers/Microsoft.Network/networkInterfaces/node-02-nic"
            ],
            "os_disk": [
              {
                "caching": "ReadWrite",
                "diff_disk_settings": [],
                "disk_encryption_set_id": "",
                "disk_size_gb": 30,
                "name": "node-02-osdisk",
                "secure_vm_disk_encryption_set_id": "",
                "security_encryption_type": "",
                "storage_account_type": "Standard_LRS",
                "write_accelerator_enabled": false
              }
            ],
            "os_image_notification": [],
            "patch_assessment_mode": "ImageDefault",
            "patch_mode": "ImageDefault",
            "plan": [],
            "platform_fault_domain": -1,
            "priority": "Regular",
            "private_ip_address": "10.0.1.6",
            "private_ip_addresses": [
              "10.0.1.6"
            ],
            "provision_vm_agent": true,
            "proximity_placement_group_id": "",
            "public_ip_address": "20.219.146.117",
            "public_ip_addresses": [
              "20.219.146.117"
            ],
            "reboot_setting": "",
            "resource_group_name": "rg-sre-project",
            "secret": [],
            "secure_boot_enabled": false,
            "size": "Standard_B2as_v2",
            "source_image_id": "",
            "source_image_reference": [
              {
                "offer": "0001-com-ubuntu-server-jammy",
                "publisher": "Canonical",
                "sku": "22_04-lts-gen2",
                "version": "latest"
              }
            ],
            "tags": {
              "project": "sre-project"
            },
            "termination_notification": [],
            "timeouts": null,
            "user_data": "",
            "virtual_machine_id": "b37a4916-152b-4e41-833f-72eece28da57",
            "virtual_machine_scale_set_id": "",
            "vm_agent_platform_updates_enabled": false,
            "vtpm_enabled": false,
            "zone": ""
          },
          "sensitive_attributes": [
            [
              {
                "type": "get_attr",
                "value": "admin_password"
              }
            ],
            [
              {
                "type": "get_attr",
                "value": "custom_data"
              }
            ]
          ],
          "identity_schema_version": 0,
          "private": "eyJlMmJmYjczMC1lY2FhLTExZTYtOGY4OC0zNDM2M2JjN2M0YzAiOnsiY3JlYXRlIjoyNzAwMDAwMDAwMDAwLCJkZWxldGUiOjI3MDAwMDAwMDAwMDAsInJlYWQiOjMwMDAwMDAwMDAwMCwidXBkYXRlIjoyNzAwMDAwMDAwMDAwfX0=",
          "dependencies": [
            "azurerm_network_interface.nic_sre_project",
            "azurerm_public_ip.pip_sre_project",
            "azurerm_resource_group.rg_sre_project",
            "azurerm_subnet.subnet_sre_project",
            "azurerm_virtual_network.vn_sre_project"
          ]
        }
      ]
    },
    {
      "mode": "managed",
      "type": "azurerm_network_interface",
      "name": "nic_sre_project",
      "provider": "provider[\"registry.terraform.io/hashicorp/azurerm\"]",
      "instances": [
        {
          "index_key": 0,
          "schema_version": 0,
          "attributes": {
            "accelerated_networking_enabled": false,
            "applied_dns_servers": [],
            "auxiliary_mode": "",
            "auxiliary_sku": "",
            "dns_servers": [],
            "edge_zone": "",
            "enable_accelerated_networking": false,
            "enable_ip_forwarding": false,
            "id": "/subscriptions/1664c3de-3bce-4896-b6f1-03cafbcb25d9/resourceGroups/rg-sre-project/providers/Microsoft.Network/networkInterfaces/node-01-nic",
            "internal_dns_name_label": "",
            "internal_domain_name_suffix": "220hc4rkr2uurnrormp1io2mlh.rx.internal.cloudapp.net",
            "ip_configuration": [
              {
                "gateway_load_balancer_frontend_ip_configuration_id": "",
                "name": "internal",
                "primary": true,
                "private_ip_address": "10.0.1.4",
                "private_ip_address_allocation": "Dynamic",
                "private_ip_address_version": "IPv4",
                "public_ip_address_id": "/subscriptions/1664c3de-3bce-4896-b6f1-03cafbcb25d9/resourceGroups/rg-sre-project/providers/Microsoft.Network/publicIPAddresses/node-01-pip",
                "subnet_id": "/subscriptions/1664c3de-3bce-4896-b6f1-03cafbcb25d9/resourceGroups/rg-sre-project/providers/Microsoft.Network/virtualNetworks/vn-sre-project/subnets/kubernetes-subnet"
              }
            ],
            "ip_forwarding_enabled": false,
            "location": "centralindia",
            "mac_address": "00-0D-3A-F0-E8-91",
            "name": "node-01-nic",
            "private_ip_address": "10.0.1.4",
            "private_ip_addresses": [
              "10.0.1.4"
            ],
            "resource_group_name": "rg-sre-project",
            "tags": {
              "project": "sre-project"
            },
            "timeouts": null,
            "virtual_machine_id": "/subscriptions/1664c3de-3bce-4896-b6f1-03cafbcb25d9/resourceGroups/rg-sre-project/providers/Microsoft.Compute/virtualMachines/node-01"
          },
          "sensitive_attributes": [],
          "identity_schema_version": 0,
          "private": "eyJlMmJmYjczMC1lY2FhLTExZTYtOGY4OC0zNDM2M2JjN2M0YzAiOnsiY3JlYXRlIjoxODAwMDAwMDAwMDAwLCJkZWxldGUiOjE4MDAwMDAwMDAwMDAsInJlYWQiOjMwMDAwMDAwMDAwMCwidXBkYXRlIjoxODAwMDAwMDAwMDAwfX0=",
          "dependencies": [
            "azurerm_public_ip.pip_sre_project",
            "azurerm_resource_group.rg_sre_project",
            "azurerm_subnet.subnet_sre_project",
            "azurerm_virtual_network.vn_sre_project"
          ]
        },
        {
          "index_key": 1,
          "schema_version": 0,
          "attributes": {
            "accelerated_networking_enabled": false,
            "applied_dns_servers": [],
            "auxiliary_mode": "",
            "auxiliary_sku": "",
            "dns_servers": [],
            "edge_zone": "",
            "enable_accelerated_networking": false,
            "enable_ip_forwarding": false,
            "id": "/subscriptions/1664c3de-3bce-4896-b6f1-03cafbcb25d9/resourceGroups/rg-sre-project/providers/Microsoft.Network/networkInterfaces/node-02-nic",
            "internal_dns_name_label": "",
            "internal_domain_name_suffix": "220hc4rkr2uurnrormp1io2mlh.rx.internal.cloudapp.net",
            "ip_configuration": [
              {
                "gateway_load_balancer_frontend_ip_configuration_id": "",
                "name": "internal",
                "primary": true,
                "private_ip_address": "10.0.1.6",
                "private_ip_address_allocation": "Dynamic",
                "private_ip_address_version": "IPv4",
                "public_ip_address_id": "/subscriptions/1664c3de-3bce-4896-b6f1-03cafbcb25d9/resourceGroups/rg-sre-project/providers/Microsoft.Network/publicIPAddresses/node-02-pip",
                "subnet_id": "/subscriptions/1664c3de-3bce-4896-b6f1-03cafbcb25d9/resourceGroups/rg-sre-project/providers/Microsoft.Network/virtualNetworks/vn-sre-project/subnets/kubernetes-subnet"
              }
            ],
            "ip_forwarding_enabled": false,
            "location": "centralindia",
            "mac_address": "7C-ED-8D-9E-F3-10",
            "name": "node-02-nic",
            "private_ip_address": "10.0.1.6",
            "private_ip_addresses": [
              "10.0.1.6"
            ],
            "resource_group_name": "rg-sre-project",
            "tags": {
              "project": "sre-project"
            },
            "timeouts": null,
            "virtual_machine_id": "/subscriptions/1664c3de-3bce-4896-b6f1-03cafbcb25d9/resourceGroups/rg-sre-project/providers/Microsoft.Compute/virtualMachines/node-02"
          },
          "sensitive_attributes": [],
          "identity_schema_version": 0,
          "private": "eyJlMmJmYjczMC1lY2FhLTExZTYtOGY4OC0zNDM2M2JjN2M0YzAiOnsiY3JlYXRlIjoxODAwMDAwMDAwMDAwLCJkZWxldGUiOjE4MDAwMDAwMDAwMDAsInJlYWQiOjMwMDAwMDAwMDAwMCwidXBkYXRlIjoxODAwMDAwMDAwMDAwfX0=",
          "dependencies": [
            "azurerm_public_ip.pip_sre_project",
            "azurerm_resource_group.rg_sre_project",
            "azurerm_subnet.subnet_sre_project",
            "azurerm_virtual_network.vn_sre_project"
          ]
        },
        {
          "index_key": 2,
          "schema_version": 0,
          "attributes": {
            "accelerated_networking_enabled": false,
            "applied_dns_servers": [],
            "auxiliary_mode": "",
            "auxiliary_sku": "",
            "dns_servers": [],
            "edge_zone": "",
            "enable_accelerated_networking": false,
            "enable_ip_forwarding": false,
            "id": "/subscriptions/1664c3de-3bce-4896-b6f1-03cafbcb25d9/resourceGroups/rg-sre-project/providers/Microsoft.Network/networkInterfaces/node-03-nic",
            "internal_dns_name_label": "",
            "internal_domain_name_suffix": "220hc4rkr2uurnrormp1io2mlh.rx.internal.cloudapp.net",
            "ip_configuration": [
              {
                "gateway_load_balancer_frontend_ip_configuration_id": "",
                "name": "internal",
                "primary": true,
                "private_ip_address": "10.0.1.5",
                "private_ip_address_allocation": "Dynamic",
                "private_ip_address_version": "IPv4",
                "public_ip_address_id": "/subscriptions/1664c3de-3bce-4896-b6f1-03cafbcb25d9/resourceGroups/rg-sre-project/providers/Microsoft.Network/publicIPAddresses/node-03-pip",
                "subnet_id": "/subscriptions/1664c3de-3bce-4896-b6f1-03cafbcb25d9/resourceGroups/rg-sre-project/providers/Microsoft.Network/virtualNetworks/vn-sre-project/subnets/kubernetes-subnet"
              }
            ],
            "ip_forwarding_enabled": false,
            "location": "centralindia",
            "mac_address": "7C-ED-8D-9F-EF-38",
            "name": "node-03-nic",
            "private_ip_address": "10.0.1.5",
            "private_ip_addresses": [
              "10.0.1.5"
            ],
            "resource_group_name": "rg-sre-project",
            "tags": {
              "project": "sre-project"
            },
            "timeouts": null,
            "virtual_machine_id": "/subscriptions/1664c3de-3bce-4896-b6f1-03cafbcb25d9/resourceGroups/rg-sre-project/providers/Microsoft.Compute/virtualMachines/node-03"
          },
          "sensitive_attributes": [],
          "identity_schema_version": 0,
          "private": "eyJlMmJmYjczMC1lY2FhLTExZTYtOGY4OC0zNDM2M2JjN2M0YzAiOnsiY3JlYXRlIjoxODAwMDAwMDAwMDAwLCJkZWxldGUiOjE4MDAwMDAwMDAwMDAsInJlYWQiOjMwMDAwMDAwMDAwMCwidXBkYXRlIjoxODAwMDAwMDAwMDAwfX0=",
          "dependencies": [
            "azurerm_public_ip.pip_sre_project",
            "azurerm_resource_group.rg_sre_project",
            "azurerm_subnet.subnet_sre_project",
            "azurerm_virtual_network.vn_sre_project"
          ]
        }
      ]
    },
    {
      "mode": "managed",
      "type": "azurerm_public_ip",
      "name": "pip_sre_project",
      "provider": "provider[\"registry.terraform.io/hashicorp/azurerm\"]",
      "instances": [
        {
          "index_key": 0,
          "schema_version": 0,
          "attributes": {
            "allocation_method": "Static",
            "ddos_protection_mode": "VirtualNetworkInherited",
            "ddos_protection_plan_id": null,
            "domain_name_label": null,
            "edge_zone": "",
            "fqdn": null,
            "id": "/subscriptions/1664c3de-3bce-4896-b6f1-03cafbcb25d9/resourceGroups/rg-sre-project/providers/Microsoft.Network/publicIPAddresses/node-01-pip",
            "idle_timeout_in_minutes": 4,
            "ip_address": "20.219.57.189",
            "ip_tags": {},
            "ip_version": "IPv4",
            "location": "centralindia",
            "name": "node-01-pip",
            "public_ip_prefix_id": null,
            "resource_group_name": "rg-sre-project",
            "reverse_fqdn": null,
            "sku": "Standard",
            "sku_tier": "Regional",
            "tags": {
              "project": "sre-project"
            },
            "timeouts": null,
            "zones": []
          },
          "sensitive_attributes": [],
          "identity_schema_version": 0,
          "private": "eyJlMmJmYjczMC1lY2FhLTExZTYtOGY4OC0zNDM2M2JjN2M0YzAiOnsiY3JlYXRlIjoxODAwMDAwMDAwMDAwLCJkZWxldGUiOjE4MDAwMDAwMDAwMDAsInJlYWQiOjMwMDAwMDAwMDAwMCwidXBkYXRlIjoxODAwMDAwMDAwMDAwfX0=",
          "dependencies": [
            "azurerm_resource_group.rg_sre_project"
          ]
        },
        {
          "index_key": 1,
          "schema_version": 0,
          "attributes": {
            "allocation_method": "Static",
            "ddos_protection_mode": "VirtualNetworkInherited",
            "ddos_protection_plan_id": null,
            "domain_name_label": null,
            "edge_zone": "",
            "fqdn": null,
            "id": "/subscriptions/1664c3de-3bce-4896-b6f1-03cafbcb25d9/resourceGroups/rg-sre-project/providers/Microsoft.Network/publicIPAddresses/node-02-pip",
            "idle_timeout_in_minutes": 4,
            "ip_address": "20.219.146.117",
            "ip_tags": {},
            "ip_version": "IPv4",
            "location": "centralindia",
            "name": "node-02-pip",
            "public_ip_prefix_id": null,
            "resource_group_name": "rg-sre-project",
            "reverse_fqdn": null,
            "sku": "Standard",
            "sku_tier": "Regional",
            "tags": {
              "project": "sre-project"
            },
            "timeouts": null,
            "zones": []
          },
          "sensitive_attributes": [],
          "identity_schema_version": 0,
          "private": "eyJlMmJmYjczMC1lY2FhLTExZTYtOGY4OC0zNDM2M2JjN2M0YzAiOnsiY3JlYXRlIjoxODAwMDAwMDAwMDAwLCJkZWxldGUiOjE4MDAwMDAwMDAwMDAsInJlYWQiOjMwMDAwMDAwMDAwMCwidXBkYXRlIjoxODAwMDAwMDAwMDAwfX0=",
          "dependencies": [
            "azurerm_resource_group.rg_sre_project"
          ]
        },
        {
          "index_key": 2,
          "schema_version": 0,
          "attributes": {
            "allocation_method": "Static",
            "ddos_protection_mode": "VirtualNetworkInherited",
            "ddos_protection_plan_id": null,
            "domain_name_label": null,
            "edge_zone": "",
            "fqdn": null,
            "id": "/subscriptions/1664c3de-3bce-4896-b6f1-03cafbcb25d9/resourceGroups/rg-sre-project/providers/Microsoft.Network/publicIPAddresses/node-03-pip",
            "idle_timeout_in_minutes": 4,
            "ip_address": "20.219.147.103",
            "ip_tags": {},
            "ip_version": "IPv4",
            "location": "centralindia",
            "name": "node-03-pip",
            "public_ip_prefix_id": null,
            "resource_group_name": "rg-sre-project",
            "reverse_fqdn": null,
            "sku": "Standard",
            "sku_tier": "Regional",
            "tags": {
              "project": "sre-project"
            },
            "timeouts": null,
            "zones": []
          },
          "sensitive_attributes": [],
          "identity_schema_version": 0,
          "private": "eyJlMmJmYjczMC1lY2FhLTExZTYtOGY4OC0zNDM2M2JjN2M0YzAiOnsiY3JlYXRlIjoxODAwMDAwMDAwMDAwLCJkZWxldGUiOjE4MDAwMDAwMDAwMDAsInJlYWQiOjMwMDAwMDAwMDAwMCwidXBkYXRlIjoxODAwMDAwMDAwMDAwfX0=",
          "dependencies": [
            "azurerm_resource_group.rg_sre_project"
          ]
        }
      ]
    },
    {
      "mode": "managed",
      "type": "azurerm_resource_group",
      "name": "rg_sre_project",
      "provider": "provider[\"registry.terraform.io/hashicorp/azurerm\"]",
      "instances": [
        {
          "schema_version": 0,
          "attributes": {
            "id": "/subscriptions/1664c3de-3bce-4896-b6f1-03cafbcb25d9/resourceGroups/rg-sre-project",
            "location": "centralindia",
            "managed_by": "",
            "name": "rg-sre-project",
            "tags": {
              "project": "sre-project"
            },
            "timeouts": null
          },
          "sensitive_attributes": [],
          "identity_schema_version": 0,
          "private": "eyJlMmJmYjczMC1lY2FhLTExZTYtOGY4OC0zNDM2M2JjN2M0YzAiOnsiY3JlYXRlIjo1NDAwMDAwMDAwMDAwLCJkZWxldGUiOjU0MDAwMDAwMDAwMDAsInJlYWQiOjMwMDAwMDAwMDAwMCwidXBkYXRlIjo1NDAwMDAwMDAwMDAwfX0="
        }
      ]
    },
    {
      "mode": "managed",
      "type": "azurerm_subnet",
      "name": "subnet_sre_project",
      "provider": "provider[\"registry.terraform.io/hashicorp/azurerm\"]",
      "instances": [
        {
          "schema_version": 0,
          "attributes": {
            "address_prefixes": [
              "10.0.1.0/24"
            ],
            "default_outbound_access_enabled": true,
            "delegation": [],
            "enforce_private_link_endpoint_network_policies": false,
            "enforce_private_link_service_network_policies": false,
            "id": "/subscriptions/1664c3de-3bce-4896-b6f1-03cafbcb25d9/resourceGroups/rg-sre-project/providers/Microsoft.Network/virtualNetworks/vn-sre-project/subnets/kubernetes-subnet",
            "name": "kubernetes-subnet",
            "private_endpoint_network_policies": "Enabled",
            "private_endpoint_network_policies_enabled": true,
            "private_link_service_network_policies_enabled": true,
            "resource_group_name": "rg-sre-project",
            "service_endpoint_policy_ids": [],
            "service_endpoints": [],
            "timeouts": null,
            "virtual_network_name": "vn-sre-project"
          },
          "sensitive_attributes": [],
          "identity_schema_version": 0,
          "private": "eyJlMmJmYjczMC1lY2FhLTExZTYtOGY4OC0zNDM2M2JjN2M0YzAiOnsiY3JlYXRlIjoxODAwMDAwMDAwMDAwLCJkZWxldGUiOjE4MDAwMDAwMDAwMDAsInJlYWQiOjMwMDAwMDAwMDAwMCwidXBkYXRlIjoxODAwMDAwMDAwMDAwfX0=",
          "dependencies": [
            "azurerm_resource_group.rg_sre_project",
            "azurerm_virtual_network.vn_sre_project"
          ]
        }
      ]
    },
    {
      "mode": "managed",
      "type": "azurerm_virtual_network",
      "name": "vn_sre_project",
      "provider": "provider[\"registry.terraform.io/hashicorp/azurerm\"]",
      "instances": [
        {
          "schema_version": 0,
          "attributes": {
            "address_space": [
              "10.0.0.0/16"
            ],
            "bgp_community": "",
            "ddos_protection_plan": [],
            "dns_servers": [],
            "edge_zone": "",
            "encryption": [],
            "flow_timeout_in_minutes": 0,
            "guid": "7a7134e7-8f2a-4829-b62e-8b1fb43b8c5f",
            "id": "/subscriptions/1664c3de-3bce-4896-b6f1-03cafbcb25d9/resourceGroups/rg-sre-project/providers/Microsoft.Network/virtualNetworks/vn-sre-project",
            "location": "centralindia",
            "name": "vn-sre-project",
            "resource_group_name": "rg-sre-project",
            "subnet": [
              {
                "address_prefix": "10.0.1.0/24",
                "id": "/subscriptions/1664c3de-3bce-4896-b6f1-03cafbcb25d9/resourceGroups/rg-sre-project/providers/Microsoft.Network/virtualNetworks/vn-sre-project/subnets/kubernetes-subnet",
                "name": "kubernetes-subnet",
                "security_group": "/subscriptions/1664c3de-3bce-4896-b6f1-03cafbcb25d9/resourceGroups/rg-sre-project/providers/Microsoft.Network/networkSecurityGroups/nsg-sre-project"
              }
            ],
            "tags": {
              "project": "sre-project"
            },
            "timeouts": null
          },
          "sensitive_attributes": [],
          "identity_schema_version": 0,
          "private": "eyJlMmJmYjczMC1lY2FhLTExZTYtOGY4OC0zNDM2M2JjN2M0YzAiOnsiY3JlYXRlIjoxODAwMDAwMDAwMDAwLCJkZWxldGUiOjE4MDAwMDAwMDAwMDAsInJlYWQiOjMwMDAwMDAwMDAwMCwidXBkYXRlIjoxODAwMDAwMDAwMDAwfX0=",
          "dependencies": [
            "azurerm_resource_group.rg_sre_project"
          ]
        }
      ]
    }
  ],
  "check_results": null
}
